// !$*UTF8*$!
{
	archiveVersion = 1;
	classes = {
	};
	objectVersion = 55;
	objects = {

/* Begin PBXBuildFile section */
		418D490828CDFC0B00EE5286 /* swiftUI_SehirlerApp.swift in Sources */ = {isa = PBXBuildFile; fileRef = 418D490728CDFC0B00EE5286 /* swiftUI_SehirlerApp.swift */; };
		418D490A28CDFC0B00EE5286 /* ListeView.swift in Sources */ = {isa = PBXBuildFile; fileRef = 418D490928CDFC0B00EE5286 /* ListeView.swift */; };
		418D490C28CDFC0D00EE5286 /* Assets.xcassets in Resources */ = {isa = PBXBuildFile; fileRef = 418D490B28CDFC0D00EE5286 /* Assets.xcassets */; };
		418D490F28CDFC0D00EE5286 /* Preview Assets.xcassets in Resources */ = {isa = PBXBuildFile; fileRef = 418D490E28CDFC0D00EE5286 /* Preview Assets.xcassets */; };
		418D491628CDFE2F00EE5286 /* Sehirler.swift in Sources */ = {isa = PBXBuildFile; fileRef = 418D491528CDFE2F00EE5286 /* Sehirler.swift */; };
		418D491828CF111600EE5286 /* MapView.swift in Sources */ = {isa = PBXBuildFile; fileRef = 418D491728CF111600EE5286 /* MapView.swift */; };
		418D491A28CF1C7300EE5286 /* DetayView.swift in Sources */ = {isa = PBXBuildFile; fileRef = 418D491928CF1C7300EE5286 /* DetayView.swift */; };
		418D491C28CF1F4600EE5286 /* OzelGorselView.swift in Sources */ = {isa = PBXBuildFile; fileRef = 418D491B28CF1F4600EE5286 /* OzelGorselView.swift */; };
		418D491E28CF402800EE5286 /* ListeRowView.swift in Sources */ = {isa = PBXBuildFile; fileRef = 418D491D28CF402800EE5286 /* ListeRowView.swift */; };
/* End PBXBuildFile section */

/* Begin PBXFileReference section */
		418D490428CDFC0B00EE5286 /* swiftUI-Sehirler.app */ = {isa = PBXFileReference; explicitFileType = wrapper.application; includeInIndex = 0; path = "swiftUI-Sehirler.app"; sourceTree = BUILT_PRODUCTS_DIR; };
		418D490728CDFC0B00EE5286 /* swiftUI_SehirlerApp.swift */ = {isa = PBXFileReference; lastKnownFileType = sourcecode.swift; path = swiftUI_SehirlerApp.swift; sourceTree = "<group>"; };
		418D490928CDFC0B00EE5286 /* ListeView.swift */ = {isa = PBXFileReference; lastKnownFileType = sourcecode.swift; path = ListeView.swift; sourceTree = "<group>"; };
		418D490B28CDFC0D00EE5286 /* Assets.xcassets */ = {isa = PBXFileReference; lastKnownFileType = folder.assetcatalog; path = Assets.xcassets; sourceTree = "<group>"; };
		418D490E28CDFC0D00EE5286 /* Preview Assets.xcassets */ = {isa = PBXFileReference; lastKnownFileType = folder.assetcatalog; path = "Preview Assets.xcassets"; sourceTree = "<group>"; };
		418D491528CDFE2F00EE5286 /* Sehirler.swift */ = {isa = PBXFileReference; lastKnownFileType = sourcecode.swift; path = Sehirler.swift; sourceTree = "<group>"; };
		418D491728CF111600EE5286 /* MapView.swift */ = {isa = PBXFileReference; lastKnownFileType = sourcecode.swift; path = MapView.swift; sourceTree = "<group>"; };
		418D491928CF1C7300EE5286 /* DetayView.swift */ = {isa = PBXFileReference; lastKnownFileType = sourcecode.swift; path = DetayView.swift; sourceTree = "<group>"; };
		418D491B28CF1F4600EE5286 /* OzelGorselView.swift */ = {isa = PBXFileReference; lastKnownFileType = sourcecode.swift; path = OzelGorselView.swift; sourceTree = "<group>"; };
		418D491D28CF402800EE5286 /* ListeRowView.swift */ = {isa = PBXFileReference; lastKnownFileType = sourcecode.swift; path = ListeRowView.swift; sourceTree = "<group>"; };
/* End PBXFileReference section */

/* Begin PBXFrameworksBuildPhase section */
		418D490128CDFC0B00EE5286 /* Frameworks */ = {
			isa = PBXFrameworksBuildPhase;
			buildActionMask = 2147483647;
			files = (
			);
			runOnlyForDeploymentPostprocessing = 0;
		};
/* End PBXFrameworksBuildPhase section */

/* Begin PBXGroup section */
		418D48FB28CDFC0B00EE5286 = {
			isa = PBXGroup;
			children = (
				418D490628CDFC0B00EE5286 /* swiftUI-Sehirler */,
				418D490528CDFC0B00EE5286 /* Products */,
			);
			sourceTree = "<group>";
		};
		418D490528CDFC0B00EE5286 /* Products */ = {
			isa = PBXGroup;
			children = (
				418D490428CDFC0B00EE5286 /* swiftUI-Sehirler.app */,
			);
			name = Products;
			sourceTree = "<group>";
		};
		418D490628CDFC0B00EE5286 /* swiftUI-Sehirler */ = {
			isa = PBXGroup;
			children = (
				418D490728CDFC0B00EE5286 /* swiftUI_SehirlerApp.swift */,
				418D490928CDFC0B00EE5286 /* ListeView.swift */,
				418D491528CDFE2F00EE5286 /* Sehirler.swift */,
				418D491728CF111600EE5286 /* MapView.swift */,
				418D491928CF1C7300EE5286 /* DetayView.swift */,
				418D491D28CF402800EE5286 /* ListeRowView.swift */,
				418D491B28CF1F4600EE5286 /* OzelGorselView.swift */,
				418D490B28CDFC0D00EE5286 /* Assets.xcassets */,
				418D490D28CDFC0D00EE5286 /* Preview Content */,
			);
			path = "swiftUI-Sehirler";
			sourceTree = "<group>";
		};
		418D490D28CDFC0D00EE5286 /* Preview Content */ = {
			isa = PBXGroup;
			children = (
				418D490E28CDFC0D00EE5286 /* Preview Assets.xcassets */,
			);
			path = "Preview Content";
			sourceTree = "<group>";
		};
/* End PBXGroup section */

/* Begin PBXNativeTarget section */
		418D490328CDFC0B00EE5286 /* swiftUI-Sehirler */ = {
			isa = PBXNativeTarget;
			buildConfigurationList = 418D491228CDFC0D00EE5286 /* Build configuration list for PBXNativeTarget "swiftUI-Sehirler" */;
			buildPhases = (
				418D490028CDFC0B00EE5286 /* Sources */,
				418D490128CDFC0B00EE5286 /* Frameworks */,
				418D490228CDFC0B00EE5286 /* Resources */,
			);
			buildRules = (
			);
			dependencies = (
			);
			name = "swiftUI-Sehirler";
			productName = "swiftUI-Sehirler";
			productReference = 418D490428CDFC0B00EE5286 /* swiftUI-Sehirler.app */;
			productType = "com.apple.product-type.application";
		};
/* End PBXNativeTarget section */

/* Begin PBXProject section */
		418D48FC28CDFC0B00EE5286 /* Project object */ = {
			isa = PBXProject;
			attributes = {
				BuildIndependentTargetsInParallel = 1;
				LastSwiftUpdateCheck = 1340;
				LastUpgradeCheck = 1340;
				TargetAttributes = {
					418D490328CDFC0B00EE5286 = {
						CreatedOnToolsVersion = 13.4.1;
					};
				};
			};
			buildConfigurationList = 418D48FF28CDFC0B00EE5286 /* Build configuration list for PBXProject "swiftUI-Sehirler" */;
			compatibilityVersion = "Xcode 13.0";
			developmentRegion = en;
			hasScannedForEncodings = 0;
			knownRegions = (
				en,
				Base,
			);
			mainGroup = 418D48FB28CDFC0B00EE5286;
			productRefGroup = 418D490528CDFC0B00EE5286 /* Products */;
			projectDirPath = "";
			projectRoot = "";
			targets = (
				418D490328CDFC0B00EE5286 /* swiftUI-Sehirler */,
			);
		};
/* End PBXProject section */

/* Begin PBXResourcesBuildPhase section */
		418D490228CDFC0B00EE5286 /* Resources */ = {
			isa = PBXResourcesBuildPhase;
			buildActionMask = 2147483647;
			files = (
				418D490F28CDFC0D00EE5286 /* Preview Assets.xcassets in Resources */,
				418D490C28CDFC0D00EE5286 /* Assets.xcassets in Resources */,
			);
			runOnlyForDeploymentPostprocessing = 0;
		};
/* End PBXResourcesBuildPhase section */

/* Begin PBXSourcesBuildPhase section */
		418D490028CDFC0B00EE5286 /* Sources */ = {
			isa = PBXSourcesBuildPhase;
			buildActionMask = 2147483647;
			files = (
				418D491C28CF1F4600EE5286 /* OzelGorselView.swift in Sources */,
				418D491A28CF1C7300EE5286 /* DetayView.swift in Sources */,
				418D490A28CDFC0B00EE5286 /* ListeView.swift in Sources */,
				418D491E28CF402800EE5286 /* ListeRowView.swift in Sources */,
				418D491828CF111600EE5286 /* MapView.swift in Sources */,
				418D491628CDFE2F00EE5286 /* Sehirler.swift in Sources */,
				418D490828CDFC0B00EE5286 /* swiftUI_SehirlerApp.swift in Sources */,
			);
			runOnlyForDeploymentPostprocessing = 0;
		};
/* End PBXSourcesBuildPhase section */

/* Begin XCBuildConfiguration section */
		418D491028CDFC0D00EE5286 /* Debug */ = {
			isa = XCBuildConfiguration;
			buildSettings = {
				ALWAYS_SEARCH_USER_PATHS = NO;
				CLANG_ANALYZER_NONNULL = YES;
				CLANG_ANALYZER_NUMBER_OBJECT_CONVERSION = YES_AGGRESSIVE;
				CLANG_CXX_LANGUAGE_STANDARD = "gnu++17";
				CLANG_ENABLE_MODULES = YES;
				CLANG_ENABLE_OBJC_ARC = YES;
				CLANG_ENABLE_OBJC_WEAK = YES;
				CLANG_WARN_BLOCK_CAPTURE_AUTORELEASING = YES;
				CLANG_WARN_BOOL_CONVERSION = YES;
				CLANG_WARN_COMMA = YES;
				CLANG_WARN_CONSTANT_CONVERSION = YES;
				CLANG_WARN_DEPRECATED_OBJC_IMPLEMENTATIONS = YES;
				CLANG_WARN_DIRECT_OBJC_ISA_USAGE = YES_ERROR;
				CLANG_WARN_DOCUMENTATION_COMMENTS = YES;
				CLANG_WARN_EMPTY_BODY = YES;
				CLANG_WARN_ENUM_CONVERSION = YES;
				CLANG_WARN_INFINITE_RECURSION = YES;
				CLANG_WARN_INT_CONVERSION = YES;
				CLANG_WARN_NON_LITERAL_NULL_CONVERSION = YES;
				CLANG_WARN_OBJC_IMPLICIT_RETAIN_SELF = YES;
				CLANG_WARN_OBJC_LITERAL_CONVERSION = YES;
				CLANG_WARN_OBJC_ROOT_CLASS = YES_ERROR;
				CLANG_WARN_QUOTED_INCLUDE_IN_FRAMEWORK_HEADER = YES;
				CLANG_WARN_RANGE_LOOP_ANALYSIS = YES;
				CLANG_WARN_STRICT_PROTOTYPES = YES;
				CLANG_WARN_SUSPICIOUS_MOVE = YES;
				CLANG_WARN_UNGUARDED_AVAILABILITY = YES_AGGRESSIVE;
				CLANG_WARN_UNREACHABLE_CODE = YES;
				CLANG_WARN__DUPLICATE_METHOD_MATCH = YES;
				COPY_PHASE_STRIP = NO;
				DEBUG_INFORMATION_FORMAT = dwarf;
				ENABLE_STRICT_OBJC_MSGSEND = YES;
				ENABLE_TESTABILITY = YES;
				GCC_C_LANGUAGE_STANDARD = gnu11;
				GCC_DYNAMIC_NO_PIC = NO;
				GCC_NO_COMMON_BLOCKS = YES;
				GCC_OPTIMIZATION_LEVEL = 0;
				GCC_PREPROCESSOR_DEFINITIONS = (
					"DEBUG=1",
					"$(inherited)",
				);
				GCC_WARN_64_TO_32_BIT_CONVERSION = YES;
				GCC_WARN_ABOUT_RETURN_TYPE = YES_ERROR;
				GCC_WARN_UNDECLARED_SELECTOR = YES;
				GCC_WARN_UNINITIALIZED_AUTOS = YES_AGGRESSIVE;
				GCC_WARN_UNUSED_FUNCTION = YES;
				GCC_WARN_UNUSED_VARIABLE = YES;
				IPHONEOS_DEPLOYMENT_TARGET = 15.5;
				MTL_ENABLE_DEBUG_INFO = INCLUDE_SOURCE;
				MTL_FAST_MATH = YES;
				ONLY_ACTIVE_ARCH = YES;
				SDKROOT = iphoneos;
				SWIFT_ACTIVE_COMPILATION_CONDITIONS = DEBUG;
				SWIFT_OPTIMIZATION_LEVEL = "-Onone";
			};
			name = Debug;
		};
		418D491128CDFC0D00EE5286 /* Release */ = {
			isa = XCBuildConfiguration;
			buildSettings = {
				ALWAYS_SEARCH_USER_PATHS = NO;
				CLANG_ANALYZER_NONNULL = YES;
				CLANG_ANALYZER_NUMBER_OBJECT_CONVERSION = YES_AGGRESSIVE;
				CLANG_CXX_LANGUAGE_STANDARD = "gnu++17";
				CLANG_ENABLE_MODULES = YES;
				CLANG_ENABLE_OBJC_ARC = YES;
				CLANG_ENABLE_OBJC_WEAK = YES;
				CLANG_WARN_BLOCK_CAPTURE_AUTORELEASING = YES;
				CLANG_WARN_BOOL_CONVERSION = YES;
				CLANG_WARN_COMMA = YES;
				CLANG_WARN_CONSTANT_CONVERSION = YES;
				CLANG_WARN_DEPRECATED_OBJC_IMPLEMENTATIONS = YES;
				CLANG_WARN_DIRECT_OBJC_ISA_USAGE = YES_ERROR;
				CLANG_WARN_DOCUMENTATION_COMMENTS = YES;
				CLANG_WARN_EMPTY_BODY = YES;
				CLANG_WARN_ENUM_CONVERSION = YES;
				CLANG_WARN_INFINITE_RECURSION = YES;
				CLANG_WARN_INT_CONVERSION = YES;
				CLANG_WARN_NON_LITERAL_NULL_CONVERSION = YES;
				CLANG_WARN_OBJC_IMPLICIT_RETAIN_SELF = YES;
				CLANG_WARN_OBJC_LITERAL_CONVERSION = YES;
				CLANG_WARN_OBJC_ROOT_CLASS = YES_ERROR;
				CLANG_WARN_QUOTED_INCLUDE_IN_FRAMEWORK_HEADER = YES;
				CLANG_WARN_RANGE_LOOP_ANALYSIS = YES;
				CLANG_WARN_STRICT_PROTOTYPES = YES;
				CLANG_WARN_SUSPICIOUS_MOVE = YES;
				CLANG_WARN_UNGUARDED_AVAILABILITY = YES_AGGRESSIVE;
				CLANG_WARN_UNREACHABLE_CODE = YES;
				CLANG_WARN__DUPLICATE_METHOD_MATCH = YES;
				COPY_PHASE_STRIP = NO;
				DEBUG_INFORMATION_FORMAT = "dwarf-with-dsym";
				ENABLE_NS_ASSERTIONS = NO;
				ENABLE_STRICT_OBJC_MSGSEND = YES;
				GCC_C_LANGUAGE_STANDARD = gnu11;
				GCC_NO_COMMON_BLOCKS = YES;
				GCC_WARN_64_TO_32_BIT_CONVERSION = YES;
				GCC_WARN_ABOUT_RETURN_TYPE = YES_ERROR;
				GCC_WARN_UNDECLARED_SELECTOR = YES;
				GCC_WARN_UNINITIALIZED_AUTOS = YES_AGGRESSIVE;
				GCC_WARN_UNUSED_FUNCTION = YES;
				GCC_WARN_UNUSED_VARIABLE = YES;
				IPHONEOS_DEPLOYMENT_TARGET = 15.5;
				MTL_ENABLE_DEBUG_INFO = NO;
				MTL_FAST_MATH = YES;
				SDKROOT = iphoneos;
				SWIFT_COMPILATION_MODE = wholemodule;
				SWIFT_OPTIMIZATION_LEVEL = "-O";
				VALIDATE_PRODUCT = YES;
			};
			name = Release;
		};
		418D491328CDFC0D00EE5286 /* Debug */ = {
			isa = XCBuildConfiguration;
			buildSettings = {
				ASSETCATALOG_COMPILER_APPICON_NAME = AppIcon;
				ASSETCATALOG_COMPILER_GLOBAL_ACCENT_COLOR_NAME = AccentColor;
				CODE_SIGN_STYLE = Automatic;
				CURRENT_PROJECT_VERSION = 1;
				DEVELOPMENT_ASSET_PATHS = "\"swiftUI-Sehirler/Preview Content\"";
				ENABLE_PREVIEWS = YES;
				GENERATE_INFOPLIST_FILE = YES;
				INFOPLIST_KEY_UIApplicationSceneManifest_Generation = YES;
				INFOPLIST_KEY_UIApplicationSupportsIndirectInputEvents = YES;
				INFOPLIST_KEY_UILaunchScreen_Generation = YES;
				INFOPLIST_KEY_UISupportedInterfaceOrientations_iPad = "UIInterfaceOrientationPortrait UIInterfaceOrientationPortraitUpsideDown UIInterfaceOrientationLandscapeLeft UIInterfaceOrientationLandscapeRight";
				INFOPLIST_KEY_UISupportedInterfaceOrientations_iPhone = "UIInterfaceOrientationPortrait UIInterfaceOrientationLandscapeLeft UIInterfaceOrientationLandscapeRight";
				LD_RUNPATH_SEARCH_PATHS = (
					"$(inherited)",
					"@executable_path/Frameworks",
				);
				MARKETING_VERSION = 1.0;
				PRODUCT_BUNDLE_IDENTIFIER = "mert.swiftUI-Sehirler";
				PRODUCT_NAME = "$(TARGET_NAME)";
				SWIFT_EMIT_LOC_STRINGS = YES;
				SWIFT_VERSION = 5.0;
				TARGETED_DEVICE_FAMILY = "1,2";
			};
			name = Debug;
		};
		418D491428CDFC0D00EE5286 /* Release */ = {
			isa = XCBuildConfiguration;
			buildSettings = {
				ASSETCATALOG_COMPILER_APPICON_NAME = AppIcon;
				ASSETCATALOG_COMPILER_GLOBAL_ACCENT_COLOR_NAME = AccentColor;
				CODE_SIGN_STYLE = Automatic;
				CURRENT_PROJECT_VERSION = 1;
				DEVELOPMENT_ASSET_PATHS = "\"swiftUI-Sehirler/Preview Content\"";
				ENABLE_PREVIEWS = YES;
				GENERATE_INFOPLIST_FILE = YES;
				INFOPLIST_KEY_UIApplicationSceneManifest_Generation = YES;
				INFOPLIST_KEY_UIApplicationSupportsIndirectInputEvents = YES;
				INFOPLIST_KEY_UILaunchScreen_Generation = YES;
				INFOPLIST_KEY_UISupportedInterfaceOrientations_iPad = "UIInterfaceOrientationPortrait UIInterfaceOrientationPortraitUpsideDown UIInterfaceOrientationLandscapeLeft UIInterfaceOrientationLandscapeRight";
				INFOPLIST_KEY_UISupportedInterfaceOrientations_iPhone = "UIInterfaceOrientationPortrait UIInterfaceOrientationLandscapeLeft UIInterfaceOrientationLandscapeRight";
				LD_RUNPATH_SEARCH_PATHS = (
					"$(inherited)",
					"@executable_path/Frameworks",
				);
				MARKETING_VERSION = 1.0;
				PRODUCT_BUNDLE_IDENTIFIER = "mert.swiftUI-Sehirler";
				PRODUCT_NAME = "$(TARGET_NAME)";
				SWIFT_EMIT_LOC_STRINGS = YES;
				SWIFT_VERSION = 5.0;
				TARGETED_DEVICE_FAMILY = "1,2";
			};
			name = Release;
		};
/* End XCBuildConfiguration section */

/* Begin XCConfigurationList section */
		418D48FF28CDFC0B00EE5286 /* Build configuration list for PBXProject "swiftUI-Sehirler" */ = {
			isa = XCConfigurationList;
			buildConfigurations = (
				418D491028CDFC0D00EE5286 /* Debug */,
				418D491128CDFC0D00EE5286 /* Release */,
			);
			defaultConfigurationIsVisible = 0;
			defaultConfigurationName = Release;
		};
		418D491228CDFC0D00EE5286 /* Build configuration list for PBXNativeTarget "swiftUI-Sehirler" */ = {
			isa = XCConfigurationList;
			buildConfigurations = (
				418D491328CDFC0D00EE5286 /* Debug */,
				418D491428CDFC0D00EE5286 /* Release */,
			);
			defaultConfigurationIsVisible = 0;
			defaultConfigurationName = Release;
		};
/* End XCConfigurationList section */
	};
	rootObject = 418D48FC28CDFC0B00EE5286 /* Project object */;
}
